
Microsoft Visual Studio Solution File, Format Version 12.00
# Visual Studio Version 17
VisualStudioVersion = 17.11.35219.272
MinimumVisualStudioVersion = 10.0.40219.1
Project("{FAE04EC0-301F-11D3-BF4B-00C04F79EFBC}") = "QLCuaHangLuuNiem", "QLCuaHangLuuNiem\QLCuaHangLuuNiem.csproj", "{236A66A3-AB39-4EF8-A330-4685DC2A1CD0}"
EndProject
Global
	GlobalSection(SolutionConfigurationPlatforms) = preSolution
		Debug|Any CPU = Debug|Any CPU
		Release|Any CPU = Release|Any CPU
	EndGlobalSection
	GlobalSection(ProjectConfigurationPlatforms) = postSolution
		{236A66A3-AB39-4EF8-A330-4685DC2A1CD0}.Debug|Any CPU.ActiveCfg = Debug|Any CPU
		{236A66A3-AB39-4EF8-A330-4685DC2A1CD0}.Debug|Any CPU.Build.0 = Debug|Any CPU
		{236A66A3-AB39-4EF8-A330-4685DC2A1CD0}.Release|Any CPU.ActiveCfg = Release|Any CPU
		{236A66A3-AB39-4EF8-A330-4685DC2A1CD0}.Release|Any CPU.Build.0 = Release|Any CPU
	EndGlobalSection
	GlobalSection(SolutionProperties) = preSolution
		HideSolutionNode = FALSE
	EndGlobalSection
	GlobalSection(ExtensibilityGlobals) = postSolution
		SolutionGuid = {B73B0703-0613-47C6-A41D-69A1445F584D}
	EndGlobalSection
EndGlobal
